
Microsoft Visual Studio Solution File, Format Version 12.00
# Visual Studio Version 17
VisualStudioVersion = 17.7.34221.43
MinimumVisualStudioVersion = 10.0.40219.1
Project("{FAE04EC0-301F-11D3-BF4B-00C04F79EFBC}") = "backend", "backend\backend.csproj", "{8A05A5B8-FA01-43C7-BE8F-433F96D48605}"
EndProject
Global
	GlobalSection(SolutionConfigurationPlatforms) = preSolution
		Debug|Any CPU = Debug|Any CPU
		Release|Any CPU = Release|Any CPU
	EndGlobalSection
	GlobalSection(ProjectConfigurationPlatforms) = postSolution
		{8A05A5B8-FA01-43C7-BE8F-433F96D48605}.Debug|Any CPU.ActiveCfg = Debug|Any CPU
		{8A05A5B8-FA01-43C7-BE8F-433F96D48605}.Debug|Any CPU.Build.0 = Debug|Any CPU
		{8A05A5B8-FA01-43C7-BE8F-433F96D48605}.Release|Any CPU.ActiveCfg = Release|Any CPU
		{8A05A5B8-FA01-43C7-BE8F-433F96D48605}.Release|Any CPU.Build.0 = Release|Any CPU
	EndGlobalSection
	GlobalSection(SolutionProperties) = preSolution
		HideSolutionNode = FALSE
	EndGlobalSection
	GlobalSection(ExtensibilityGlobals) = postSolution
		SolutionGuid = {496DA57D-02BF-4075-AE68-2850F14C5B31}
	EndGlobalSection
EndGlobal
